
Microsoft Visual Studio Solution File, Format Version 12.00
# Visual Studio Version 17
VisualStudioVersion = 17.11.35327.3
MinimumVisualStudioVersion = 10.0.40219.1
Project("{FAE04EC0-301F-11D3-BF4B-00C04F79EFBC}") = "ConsoleApp14", "ConsoleApp14.csproj", "{C23D92D8-53DF-4BBE-8EA5-234D38491A62}"
EndProject
Global
	GlobalSection(SolutionConfigurationPlatforms) = preSolution
		Debug|Any CPU = Debug|Any CPU
		Release|Any CPU = Release|Any CPU
	EndGlobalSection
	GlobalSection(ProjectConfigurationPlatforms) = postSolution
		{C23D92D8-53DF-4BBE-8EA5-234D38491A62}.Debug|Any CPU.ActiveCfg = Debug|Any CPU
		{C23D92D8-53DF-4BBE-8EA5-234D38491A62}.Debug|Any CPU.Build.0 = Debug|Any CPU
		{C23D92D8-53DF-4BBE-8EA5-234D38491A62}.Release|Any CPU.ActiveCfg = Release|Any CPU
		{C23D92D8-53DF-4BBE-8EA5-234D38491A62}.Release|Any CPU.Build.0 = Release|Any CPU
	EndGlobalSection
	GlobalSection(SolutionProperties) = preSolution
		HideSolutionNode = FALSE
	EndGlobalSection
	GlobalSection(ExtensibilityGlobals) = postSolution
		SolutionGuid = {C04FC95F-7F29-40DF-9171-9B0DC9939F0B}
	EndGlobalSection
EndGlobal
